{
  "name": "common-prayer",
  "version": "1.0.0",
  "lockfileVersion": 3,
  "requires": true,
  "packages": {
    "": {
      "name": "common-prayer",
      "version": "1.0.0",
      "license": "ISC",
      "workspaces": [
        "packages/common-prayer-lib",
        "apps/commonprayer.app",
        "apps/churchcalendar.app"
      ]
    },
    "apps/churchcalendar.app": {
      "version": "1.0.0",
      "license": "ISC",
      "devDependencies": {}
    },
    "apps/commonprayer.app": {
      "version": "1.0.0",
      "license": "ISC",
      "devDependencies": {}
    },
    "node_modules/churchcalendar.app": {
      "resolved": "apps/churchcalendar.app",
      "link": true
    },
    "node_modules/common-prayer-lib": {
      "resolved": "packages/common-prayer-lib",
      "link": true
    },
    "node_modules/commonprayer.app": {
      "resolved": "apps/commonprayer.app",
      "link": true
    },
    "packages/common-prayer-lib": {
      "version": "1.0.0",
      "license": "ISC"
    }
  }
}
